
Microsoft Visual Studio Solution File, Format Version 12.00
# Visual Studio Version 17
VisualStudioVersion = 17.4.33205.214
MinimumVisualStudioVersion = 10.0.40219.1
Project("{FAE04EC0-301F-11D3-BF4B-00C04F79EFBC}") = "NumeroController", "NumeroController\NumeroController.csproj", "{955E06DE-1B43-4186-8B5C-7730950441EC}"
EndProject
Global
	GlobalSection(SolutionConfigurationPlatforms) = preSolution
		Debug|Any CPU = Debug|Any CPU
		Release|Any CPU = Release|Any CPU
	EndGlobalSection
	GlobalSection(ProjectConfigurationPlatforms) = postSolution
		{955E06DE-1B43-4186-8B5C-7730950441EC}.Debug|Any CPU.ActiveCfg = Debug|Any CPU
		{955E06DE-1B43-4186-8B5C-7730950441EC}.Debug|Any CPU.Build.0 = Debug|Any CPU
		{955E06DE-1B43-4186-8B5C-7730950441EC}.Release|Any CPU.ActiveCfg = Release|Any CPU
		{955E06DE-1B43-4186-8B5C-7730950441EC}.Release|Any CPU.Build.0 = Release|Any CPU
	EndGlobalSection
	GlobalSection(SolutionProperties) = preSolution
		HideSolutionNode = FALSE
	EndGlobalSection
	GlobalSection(ExtensibilityGlobals) = postSolution
		SolutionGuid = {19A97119-5095-43EB-A5F8-F7FF35D0FDDE}
	EndGlobalSection
EndGlobal
